
Microsoft Visual Studio Solution File, Format Version 12.00
# Visual Studio Version 16
VisualStudioVersion = 16.0.29709.97
MinimumVisualStudioVersion = 10.0.40219.1
Project("{FAE04EC0-301F-11D3-BF4B-00C04F79EFBC}") = "Group4MidTermLibraryProject", "Group4MidTermLibraryProject\Group4MidTermLibraryProject.csproj", "{1C934DD0-AE51-450A-8AE2-C4FAD3A03C28}"
EndProject
Global
	GlobalSection(SolutionConfigurationPlatforms) = preSolution
		Debug|Any CPU = Debug|Any CPU
		Release|Any CPU = Release|Any CPU
	EndGlobalSection
	GlobalSection(ProjectConfigurationPlatforms) = postSolution
		{1C934DD0-AE51-450A-8AE2-C4FAD3A03C28}.Debug|Any CPU.ActiveCfg = Debug|Any CPU
		{1C934DD0-AE51-450A-8AE2-C4FAD3A03C28}.Debug|Any CPU.Build.0 = Debug|Any CPU
		{1C934DD0-AE51-450A-8AE2-C4FAD3A03C28}.Release|Any CPU.ActiveCfg = Release|Any CPU
		{1C934DD0-AE51-450A-8AE2-C4FAD3A03C28}.Release|Any CPU.Build.0 = Release|Any CPU
	EndGlobalSection
	GlobalSection(SolutionProperties) = preSolution
		HideSolutionNode = FALSE
	EndGlobalSection
	GlobalSection(ExtensibilityGlobals) = postSolution
		SolutionGuid = {27B7D44A-51B9-4E5F-85E5-5B95DFBC59CE}
	EndGlobalSection
EndGlobal
